
Microsoft Visual Studio Solution File, Format Version 12.00
Project("{FAE04EC0-301F-11D3-BF4B-00C04F79EFBC}") = "Flow.Server", "Flow.Server\Flow.Server.csproj", "{3AC5A12D-42EB-4695-971A-44F4892FCBEE}"
EndProject
Global
	GlobalSection(SolutionConfigurationPlatforms) = preSolution
		Debug|Any CPU = Debug|Any CPU
		Release|Any CPU = Release|Any CPU
	EndGlobalSection
	GlobalSection(ProjectConfigurationPlatforms) = postSolution
		{3AC5A12D-42EB-4695-971A-44F4892FCBEE}.Debug|Any CPU.ActiveCfg = Debug|Any CPU
		{3AC5A12D-42EB-4695-971A-44F4892FCBEE}.Debug|Any CPU.Build.0 = Debug|Any CPU
		{3AC5A12D-42EB-4695-971A-44F4892FCBEE}.Release|Any CPU.ActiveCfg = Release|Any CPU
		{3AC5A12D-42EB-4695-971A-44F4892FCBEE}.Release|Any CPU.Build.0 = Release|Any CPU
	EndGlobalSection
EndGlobal
